
Microsoft Visual Studio Solution File, Format Version 12.00
# Visual Studio Version 17
VisualStudioVersion = 17.4.33213.308
MinimumVisualStudioVersion = 10.0.40219.1
Project("{9A19103F-16F7-4668-BE54-9A1E7A4F7556}") = "NetEnhancements.Imaging", "src\NetEnhancements.Imaging\NetEnhancements.Imaging.csproj", "{5B2C0355-21DE-45D2-B3DF-03F2959E053A}"
EndProject
Project("{2150E333-8FDC-42A3-9474-1A3956D46DE8}") = "3. Imaging", "3. Imaging", "{469F85D1-844A-4841-ABAD-41B9FBC6F467}"
EndProject
Project("{9A19103F-16F7-4668-BE54-9A1E7A4F7556}") = "NetEnhancements.Imaging.EntityFramework", "src\NetEnhancements.Imaging.EntityFramework\NetEnhancements.Imaging.EntityFramework.csproj", "{670D82C5-7B69-4095-9C81-869F885E7B2E}"
EndProject
Project("{2150E333-8FDC-42A3-9474-1A3956D46DE8}") = "1. Fundamentals", "1. Fundamentals", "{15D0DC5E-21C6-4252-A80A-4C74533D1C26}"
EndProject
Project("{9A19103F-16F7-4668-BE54-9A1E7A4F7556}") = "NetEnhancements.Util", "src\NetEnhancements.Util\NetEnhancements.Util.csproj", "{C0B80CFB-4B57-48D8-95D2-5676E3BA6884}"
EndProject
Project("{9A19103F-16F7-4668-BE54-9A1E7A4F7556}") = "NetEnhancements.Shared", "src\NetEnhancements.Shared\NetEnhancements.Shared.csproj", "{1123F223-01FC-44DA-A16C-787A1F2E096A}"
EndProject
Project("{2150E333-8FDC-42A3-9474-1A3956D46DE8}") = "2. Security", "2. Security", "{7EC2F86A-13FE-47BB-B301-79075D856E62}"
EndProject
Project("{9A19103F-16F7-4668-BE54-9A1E7A4F7556}") = "NetEnhancements.Identity", "src\NetEnhancements.Identity\NetEnhancements.Identity.csproj", "{6959239C-C4C2-43CC-BA20-014F70F3EBD0}"
EndProject
Project("{9A19103F-16F7-4668-BE54-9A1E7A4F7556}") = "NetEnhancements.OAuth", "src\NetEnhancements.OAuth\NetEnhancements.OAuth.csproj", "{CEE08949-C014-435A-882B-BD75421F335A}"
EndProject
Project("{2150E333-8FDC-42A3-9474-1A3956D46DE8}") = "0. Solution Items", "0. Solution Items", "{62F3D058-5DF2-4E7F-8FF0-E79F86FBFC61}"
	ProjectSection(SolutionItems) = preProject
		CONTRIBUTING.md = CONTRIBUTING.md
		src\Directory.Build.props = src\Directory.Build.props
		LICENSE = LICENSE
		README.md = README.md
	EndProjectSection
EndProject
Project("{2150E333-8FDC-42A3-9474-1A3956D46DE8}") = "4. Tests", "4. Tests", "{716BA8E5-8A7F-4A53-A47D-6629757A24D6}"
EndProject
Project("{2150E333-8FDC-42A3-9474-1A3956D46DE8}") = "GitHub", "GitHub", "{503762C1-CC9B-4ADD-870D-798598A39452}"
	ProjectSection(SolutionItems) = preProject
		.github\workflows\Continuous-Integration.yml = .github\workflows\Continuous-Integration.yml
		.github\workflows\Delete-Old-Workflow-Runs.yml = .github\workflows\Delete-Old-Workflow-Runs.yml
		.github\workflows\Release-Applications.yml = .github\workflows\Release-Applications.yml
	EndProjectSection
EndProject
Project("{9A19103F-16F7-4668-BE54-9A1E7A4F7556}") = "NetEnhancements.Util.Tests", "test\NetEnhancements.Util.Tests\NetEnhancements.Util.Tests.csproj", "{DED63DA5-5D88-40E1-9C09-8103C26F0052}"
EndProject
Project("{9A19103F-16F7-4668-BE54-9A1E7A4F7556}") = "NetEnhancements.Shared.AspNet", "src\NetEnhancements.Shared.AspNet\NetEnhancements.Shared.AspNet.csproj", "{2270DC49-476D-47BB-A248-63A9D6BEAE33}"
EndProject
Project("{2150E333-8FDC-42A3-9474-1A3956D46DE8}") = "src", "src", "{2765C6D0-3757-4ED1-89CB-EF9857E9FFE0}"
	ProjectSection(SolutionItems) = preProject
		src\Directory.Build.props = src\Directory.Build.props
	EndProjectSection
EndProject
Global
	GlobalSection(SolutionConfigurationPlatforms) = preSolution
		Debug|Any CPU = Debug|Any CPU
		Release|Any CPU = Release|Any CPU
	EndGlobalSection
	GlobalSection(ProjectConfigurationPlatforms) = postSolution
		{5B2C0355-21DE-45D2-B3DF-03F2959E053A}.Debug|Any CPU.ActiveCfg = Debug|Any CPU
		{5B2C0355-21DE-45D2-B3DF-03F2959E053A}.Debug|Any CPU.Build.0 = Debug|Any CPU
		{5B2C0355-21DE-45D2-B3DF-03F2959E053A}.Release|Any CPU.ActiveCfg = Release|Any CPU
		{5B2C0355-21DE-45D2-B3DF-03F2959E053A}.Release|Any CPU.Build.0 = Release|Any CPU
		{670D82C5-7B69-4095-9C81-869F885E7B2E}.Debug|Any CPU.ActiveCfg = Debug|Any CPU
		{670D82C5-7B69-4095-9C81-869F885E7B2E}.Debug|Any CPU.Build.0 = Debug|Any CPU
		{670D82C5-7B69-4095-9C81-869F885E7B2E}.Release|Any CPU.ActiveCfg = Release|Any CPU
		{670D82C5-7B69-4095-9C81-869F885E7B2E}.Release|Any CPU.Build.0 = Release|Any CPU
		{C0B80CFB-4B57-48D8-95D2-5676E3BA6884}.Debug|Any CPU.ActiveCfg = Debug|Any CPU
		{C0B80CFB-4B57-48D8-95D2-5676E3BA6884}.Debug|Any CPU.Build.0 = Debug|Any CPU
		{C0B80CFB-4B57-48D8-95D2-5676E3BA6884}.Release|Any CPU.ActiveCfg = Release|Any CPU
		{C0B80CFB-4B57-48D8-95D2-5676E3BA6884}.Release|Any CPU.Build.0 = Release|Any CPU
		{1123F223-01FC-44DA-A16C-787A1F2E096A}.Debug|Any CPU.ActiveCfg = Debug|Any CPU
		{1123F223-01FC-44DA-A16C-787A1F2E096A}.Debug|Any CPU.Build.0 = Debug|Any CPU
		{1123F223-01FC-44DA-A16C-787A1F2E096A}.Release|Any CPU.ActiveCfg = Release|Any CPU
		{1123F223-01FC-44DA-A16C-787A1F2E096A}.Release|Any CPU.Build.0 = Release|Any CPU
		{6959239C-C4C2-43CC-BA20-014F70F3EBD0}.Debug|Any CPU.ActiveCfg = Debug|Any CPU
		{6959239C-C4C2-43CC-BA20-014F70F3EBD0}.Debug|Any CPU.Build.0 = Debug|Any CPU
		{6959239C-C4C2-43CC-BA20-014F70F3EBD0}.Release|Any CPU.ActiveCfg = Release|Any CPU
		{6959239C-C4C2-43CC-BA20-014F70F3EBD0}.Release|Any CPU.Build.0 = Release|Any CPU
		{CEE08949-C014-435A-882B-BD75421F335A}.Debug|Any CPU.ActiveCfg = Debug|Any CPU
		{CEE08949-C014-435A-882B-BD75421F335A}.Debug|Any CPU.Build.0 = Debug|Any CPU
		{CEE08949-C014-435A-882B-BD75421F335A}.Release|Any CPU.ActiveCfg = Release|Any CPU
		{CEE08949-C014-435A-882B-BD75421F335A}.Release|Any CPU.Build.0 = Release|Any CPU
		{DED63DA5-5D88-40E1-9C09-8103C26F0052}.Debug|Any CPU.ActiveCfg = Debug|Any CPU
		{DED63DA5-5D88-40E1-9C09-8103C26F0052}.Debug|Any CPU.Build.0 = Debug|Any CPU
		{DED63DA5-5D88-40E1-9C09-8103C26F0052}.Release|Any CPU.ActiveCfg = Release|Any CPU
		{DED63DA5-5D88-40E1-9C09-8103C26F0052}.Release|Any CPU.Build.0 = Release|Any CPU
		{2270DC49-476D-47BB-A248-63A9D6BEAE33}.Debug|Any CPU.ActiveCfg = Debug|Any CPU
		{2270DC49-476D-47BB-A248-63A9D6BEAE33}.Debug|Any CPU.Build.0 = Debug|Any CPU
		{2270DC49-476D-47BB-A248-63A9D6BEAE33}.Release|Any CPU.ActiveCfg = Release|Any CPU
		{2270DC49-476D-47BB-A248-63A9D6BEAE33}.Release|Any CPU.Build.0 = Release|Any CPU
	EndGlobalSection
	GlobalSection(SolutionProperties) = preSolution
		HideSolutionNode = FALSE
	EndGlobalSection
	GlobalSection(NestedProjects) = preSolution
		{5B2C0355-21DE-45D2-B3DF-03F2959E053A} = {469F85D1-844A-4841-ABAD-41B9FBC6F467}
		{670D82C5-7B69-4095-9C81-869F885E7B2E} = {469F85D1-844A-4841-ABAD-41B9FBC6F467}
		{C0B80CFB-4B57-48D8-95D2-5676E3BA6884} = {15D0DC5E-21C6-4252-A80A-4C74533D1C26}
		{1123F223-01FC-44DA-A16C-787A1F2E096A} = {15D0DC5E-21C6-4252-A80A-4C74533D1C26}
		{6959239C-C4C2-43CC-BA20-014F70F3EBD0} = {7EC2F86A-13FE-47BB-B301-79075D856E62}
		{CEE08949-C014-435A-882B-BD75421F335A} = {7EC2F86A-13FE-47BB-B301-79075D856E62}
		{503762C1-CC9B-4ADD-870D-798598A39452} = {62F3D058-5DF2-4E7F-8FF0-E79F86FBFC61}
		{DED63DA5-5D88-40E1-9C09-8103C26F0052} = {716BA8E5-8A7F-4A53-A47D-6629757A24D6}
		{2270DC49-476D-47BB-A248-63A9D6BEAE33} = {15D0DC5E-21C6-4252-A80A-4C74533D1C26}
		{2765C6D0-3757-4ED1-89CB-EF9857E9FFE0} = {62F3D058-5DF2-4E7F-8FF0-E79F86FBFC61}
	EndGlobalSection
	GlobalSection(ExtensibilityGlobals) = postSolution
		SolutionGuid = {3C76D7A0-C62A-46D9-AD19-84BEC6192FE2}
	EndGlobalSection
EndGlobal
